
Microsoft Visual Studio Solution File, Format Version 12.00
# Visual Studio Version 16
VisualStudioVersion = 16.0.30406.217
MinimumVisualStudioVersion = 10.0.40219.1
Project("{8BC9CEB8-8B4A-11D0-8D11-00A0C91BC942}") = "Week_5.1", "Week_5.1\Week_5.1.vcxproj", "{83194293-746E-41F7-86A3-2FF90B8ECE28}"
EndProject
Project("{8BC9CEB8-8B4A-11D0-8D11-00A0C91BC942}") = "Week_5.2", "Week_5.2\Week_5.2.vcxproj", "{B1D423F2-9AB3-44C3-9939-453478230521}"
EndProject
Project("{8BC9CEB8-8B4A-11D0-8D11-00A0C91BC942}") = "Week_5.3", "Week_5.3\Week_5.3.vcxproj", "{62B6B810-7BCD-4E0E-9F06-440F73446853}"
EndProject
Global
	GlobalSection(SolutionConfigurationPlatforms) = preSolution
		Debug|x64 = Debug|x64
		Debug|x86 = Debug|x86
		Release|x64 = Release|x64
		Release|x86 = Release|x86
	EndGlobalSection
	GlobalSection(ProjectConfigurationPlatforms) = postSolution
		{83194293-746E-41F7-86A3-2FF90B8ECE28}.Debug|x64.ActiveCfg = Debug|x64
		{83194293-746E-41F7-86A3-2FF90B8ECE28}.Debug|x64.Build.0 = Debug|x64
		{83194293-746E-41F7-86A3-2FF90B8ECE28}.Debug|x86.ActiveCfg = Debug|Win32
		{83194293-746E-41F7-86A3-2FF90B8ECE28}.Debug|x86.Build.0 = Debug|Win32
		{83194293-746E-41F7-86A3-2FF90B8ECE28}.Release|x64.ActiveCfg = Release|x64
		{83194293-746E-41F7-86A3-2FF90B8ECE28}.Release|x64.Build.0 = Release|x64
		{83194293-746E-41F7-86A3-2FF90B8ECE28}.Release|x86.ActiveCfg = Release|Win32
		{83194293-746E-41F7-86A3-2FF90B8ECE28}.Release|x86.Build.0 = Release|Win32
		{B1D423F2-9AB3-44C3-9939-453478230521}.Debug|x64.ActiveCfg = Debug|x64
		{B1D423F2-9AB3-44C3-9939-453478230521}.Debug|x64.Build.0 = Debug|x64
		{B1D423F2-9AB3-44C3-9939-453478230521}.Debug|x86.ActiveCfg = Debug|Win32
		{B1D423F2-9AB3-44C3-9939-453478230521}.Debug|x86.Build.0 = Debug|Win32
		{B1D423F2-9AB3-44C3-9939-453478230521}.Release|x64.ActiveCfg = Release|x64
		{B1D423F2-9AB3-44C3-9939-453478230521}.Release|x64.Build.0 = Release|x64
		{B1D423F2-9AB3-44C3-9939-453478230521}.Release|x86.ActiveCfg = Release|Win32
		{B1D423F2-9AB3-44C3-9939-453478230521}.Release|x86.Build.0 = Release|Win32
		{62B6B810-7BCD-4E0E-9F06-440F73446853}.Debug|x64.ActiveCfg = Debug|x64
		{62B6B810-7BCD-4E0E-9F06-440F73446853}.Debug|x64.Build.0 = Debug|x64
		{62B6B810-7BCD-4E0E-9F06-440F73446853}.Debug|x86.ActiveCfg = Debug|Win32
		{62B6B810-7BCD-4E0E-9F06-440F73446853}.Debug|x86.Build.0 = Debug|Win32
		{62B6B810-7BCD-4E0E-9F06-440F73446853}.Release|x64.ActiveCfg = Release|x64
		{62B6B810-7BCD-4E0E-9F06-440F73446853}.Release|x64.Build.0 = Release|x64
		{62B6B810-7BCD-4E0E-9F06-440F73446853}.Release|x86.ActiveCfg = Release|Win32
		{62B6B810-7BCD-4E0E-9F06-440F73446853}.Release|x86.Build.0 = Release|Win32
	EndGlobalSection
	GlobalSection(SolutionProperties) = preSolution
		HideSolutionNode = FALSE
	EndGlobalSection
	GlobalSection(ExtensibilityGlobals) = postSolution
		SolutionGuid = {253903BB-3EA0-47E9-9298-C585397CA3D1}
	EndGlobalSection
EndGlobal
